// !$*UTF8*$!
{
	archiveVersion = 1;
	classes = {
	};
	objectVersion = 50;
	objects = {

/* Begin PBXBuildFile section */
		548D662C2299DA5600D9C7B7 /* AppDelegate.swift in Sources */ = {isa = PBXBuildFile; fileRef = 548D662B2299DA5600D9C7B7 /* AppDelegate.swift */; };
		548D662E2299DA5600D9C7B7 /* ViewController.swift in Sources */ = {isa = PBXBuildFile; fileRef = 548D662D2299DA5600D9C7B7 /* ViewController.swift */; };
		548D66312299DA5600D9C7B7 /* Main.storyboard in Resources */ = {isa = PBXBuildFile; fileRef = 548D662F2299DA5600D9C7B7 /* Main.storyboard */; };
		548D66332299DA5800D9C7B7 /* Assets.xcassets in Resources */ = {isa = PBXBuildFile; fileRef = 548D66322299DA5800D9C7B7 /* Assets.xcassets */; };
		548D66362299DA5800D9C7B7 /* LaunchScreen.storyboard in Resources */ = {isa = PBXBuildFile; fileRef = 548D66342299DA5800D9C7B7 /* LaunchScreen.storyboard */; };
		548D66412299DA5800D9C7B7 /* ShakingExampleTests.swift in Sources */ = {isa = PBXBuildFile; fileRef = 548D66402299DA5800D9C7B7 /* ShakingExampleTests.swift */; };
		548D664C2299DA5800D9C7B7 /* ShakingExampleUITests.swift in Sources */ = {isa = PBXBuildFile; fileRef = 548D664B2299DA5800D9C7B7 /* ShakingExampleUITests.swift */; };
		54D0C53C22B79BE500A55711 /* DiHolaShakingAPI.framework in Frameworks */ = {isa = PBXBuildFile; fileRef = 54D0C53B22B79BE500A55711 /* DiHolaShakingAPI.framework */; };
		577593E0E27356E9709EBCAA /* Pods_ShakingExampleTests.framework in Frameworks */ = {isa = PBXBuildFile; fileRef = D04914C9FBDC8BCA87B67191 /* Pods_ShakingExampleTests.framework */; };
		7BBFB9D5F7191EAB5AD848EF /* Pods_ShakingExampleUITests.framework in Frameworks */ = {isa = PBXBuildFile; fileRef = 1BD29C7DE57685B971A44E7A /* Pods_ShakingExampleUITests.framework */; };
/* End PBXBuildFile section */

/* Begin PBXContainerItemProxy section */
		548D663D2299DA5800D9C7B7 /* PBXContainerItemProxy */ = {
			isa = PBXContainerItemProxy;
			containerPortal = 548D66202299DA5600D9C7B7 /* Project object */;
			proxyType = 1;
			remoteGlobalIDString = 548D66272299DA5600D9C7B7;
			remoteInfo = ShakingExample;
		};
		548D66482299DA5800D9C7B7 /* PBXContainerItemProxy */ = {
			isa = PBXContainerItemProxy;
			containerPortal = 548D66202299DA5600D9C7B7 /* Project object */;
			proxyType = 1;
			remoteGlobalIDString = 548D66272299DA5600D9C7B7;
			remoteInfo = ShakingExample;
		};
/* End PBXContainerItemProxy section */

/* Begin PBXFileReference section */
		1BD29C7DE57685B971A44E7A /* Pods_ShakingExampleUITests.framework */ = {isa = PBXFileReference; explicitFileType = wrapper.framework; includeInIndex = 0; path = Pods_ShakingExampleUITests.framework; sourceTree = BUILT_PRODUCTS_DIR; };
		26403A3D8CB6138CEFFBB21B /* Pods-ShakingExample.release.xcconfig */ = {isa = PBXFileReference; includeInIndex = 1; lastKnownFileType = text.xcconfig; name = "Pods-ShakingExample.release.xcconfig"; path = "Target Support Files/Pods-ShakingExample/Pods-ShakingExample.release.xcconfig"; sourceTree = "<group>"; };
		32BD5EABE0FD20D670ADEB60 /* Pods_ShakingExample.framework */ = {isa = PBXFileReference; explicitFileType = wrapper.framework; includeInIndex = 0; path = Pods_ShakingExample.framework; sourceTree = BUILT_PRODUCTS_DIR; };
		456034234024FD01AA4D6CAC /* Pods-ShakingExampleTests.debug.xcconfig */ = {isa = PBXFileReference; includeInIndex = 1; lastKnownFileType = text.xcconfig; name = "Pods-ShakingExampleTests.debug.xcconfig"; path = "Target Support Files/Pods-ShakingExampleTests/Pods-ShakingExampleTests.debug.xcconfig"; sourceTree = "<group>"; };
		548D66282299DA5600D9C7B7 /* ShakingExample.app */ = {isa = PBXFileReference; explicitFileType = wrapper.application; includeInIndex = 0; path = ShakingExample.app; sourceTree = BUILT_PRODUCTS_DIR; };
		548D662B2299DA5600D9C7B7 /* AppDelegate.swift */ = {isa = PBXFileReference; lastKnownFileType = sourcecode.swift; path = AppDelegate.swift; sourceTree = "<group>"; };
		548D662D2299DA5600D9C7B7 /* ViewController.swift */ = {isa = PBXFileReference; lastKnownFileType = sourcecode.swift; path = ViewController.swift; sourceTree = "<group>"; };
		548D66302299DA5600D9C7B7 /* Base */ = {isa = PBXFileReference; lastKnownFileType = file.storyboard; name = Base; path = Base.lproj/Main.storyboard; sourceTree = "<group>"; };
		548D66322299DA5800D9C7B7 /* Assets.xcassets */ = {isa = PBXFileReference; lastKnownFileType = folder.assetcatalog; path = Assets.xcassets; sourceTree = "<group>"; };
		548D66352299DA5800D9C7B7 /* Base */ = {isa = PBXFileReference; lastKnownFileType = file.storyboard; name = Base; path = Base.lproj/LaunchScreen.storyboard; sourceTree = "<group>"; };
		548D66372299DA5800D9C7B7 /* Info.plist */ = {isa = PBXFileReference; lastKnownFileType = text.plist.xml; path = Info.plist; sourceTree = "<group>"; };
		548D663C2299DA5800D9C7B7 /* ShakingExampleTests.xctest */ = {isa = PBXFileReference; explicitFileType = wrapper.cfbundle; includeInIndex = 0; path = ShakingExampleTests.xctest; sourceTree = BUILT_PRODUCTS_DIR; };
		548D66402299DA5800D9C7B7 /* ShakingExampleTests.swift */ = {isa = PBXFileReference; lastKnownFileType = sourcecode.swift; path = ShakingExampleTests.swift; sourceTree = "<group>"; };
		548D66422299DA5800D9C7B7 /* Info.plist */ = {isa = PBXFileReference; lastKnownFileType = text.plist.xml; path = Info.plist; sourceTree = "<group>"; };
		548D66472299DA5800D9C7B7 /* ShakingExampleUITests.xctest */ = {isa = PBXFileReference; explicitFileType = wrapper.cfbundle; includeInIndex = 0; path = ShakingExampleUITests.xctest; sourceTree = BUILT_PRODUCTS_DIR; };
		548D664B2299DA5800D9C7B7 /* ShakingExampleUITests.swift */ = {isa = PBXFileReference; lastKnownFileType = sourcecode.swift; path = ShakingExampleUITests.swift; sourceTree = "<group>"; };
		548D664D2299DA5800D9C7B7 /* Info.plist */ = {isa = PBXFileReference; lastKnownFileType = text.plist.xml; path = Info.plist; sourceTree = "<group>"; };
		54D0C53B22B79BE500A55711 /* DiHolaShakingAPI.framework */ = {isa = PBXFileReference; explicitFileType = wrapper.framework; path = DiHolaShakingAPI.framework; sourceTree = BUILT_PRODUCTS_DIR; };
		5D27990FD11D45924E946B56 /* Pods-ShakingExampleUITests.release.xcconfig */ = {isa = PBXFileReference; includeInIndex = 1; lastKnownFileType = text.xcconfig; name = "Pods-ShakingExampleUITests.release.xcconfig"; path = "Target Support Files/Pods-ShakingExampleUITests/Pods-ShakingExampleUITests.release.xcconfig"; sourceTree = "<group>"; };
		7468C8E8E6DDE10A397EA00D /* Pods-ShakingExample.debug.xcconfig */ = {isa = PBXFileReference; includeInIndex = 1; lastKnownFileType = text.xcconfig; name = "Pods-ShakingExample.debug.xcconfig"; path = "Target Support Files/Pods-ShakingExample/Pods-ShakingExample.debug.xcconfig"; sourceTree = "<group>"; };
		D04914C9FBDC8BCA87B67191 /* Pods_ShakingExampleTests.framework */ = {isa = PBXFileReference; explicitFileType = wrapper.framework; includeInIndex = 0; path = Pods_ShakingExampleTests.framework; sourceTree = BUILT_PRODUCTS_DIR; };
		D23C33C1046B160BA2BC45CC /* Pods-ShakingExampleUITests.debug.xcconfig */ = {isa = PBXFileReference; includeInIndex = 1; lastKnownFileType = text.xcconfig; name = "Pods-ShakingExampleUITests.debug.xcconfig"; path = "Target Support Files/Pods-ShakingExampleUITests/Pods-ShakingExampleUITests.debug.xcconfig"; sourceTree = "<group>"; };
		D291D4D49710D5B194626199 /* Pods-ShakingExampleTests.release.xcconfig */ = {isa = PBXFileReference; includeInIndex = 1; lastKnownFileType = text.xcconfig; name = "Pods-ShakingExampleTests.release.xcconfig"; path = "Target Support Files/Pods-ShakingExampleTests/Pods-ShakingExampleTests.release.xcconfig"; sourceTree = "<group>"; };
/* End PBXFileReference section */

/* Begin PBXFrameworksBuildPhase section */
		548D66252299DA5600D9C7B7 /* Frameworks */ = {
			isa = PBXFrameworksBuildPhase;
			buildActionMask = 2147483647;
			files = (
				54D0C53C22B79BE500A55711 /* DiHolaShakingAPI.framework in Frameworks */,
			);
			runOnlyForDeploymentPostprocessing = 0;
		};
		548D66392299DA5800D9C7B7 /* Frameworks */ = {
			isa = PBXFrameworksBuildPhase;
			buildActionMask = 2147483647;
			files = (
				577593E0E27356E9709EBCAA /* Pods_ShakingExampleTests.framework in Frameworks */,
			);
			runOnlyForDeploymentPostprocessing = 0;
		};
		548D66442299DA5800D9C7B7 /* Frameworks */ = {
			isa = PBXFrameworksBuildPhase;
			buildActionMask = 2147483647;
			files = (
				7BBFB9D5F7191EAB5AD848EF /* Pods_ShakingExampleUITests.framework in Frameworks */,
			);
			runOnlyForDeploymentPostprocessing = 0;
		};
/* End PBXFrameworksBuildPhase section */

/* Begin PBXGroup section */
		3132B9083AD8C6B714893961 /* Pods */ = {
			isa = PBXGroup;
			children = (
				7468C8E8E6DDE10A397EA00D /* Pods-ShakingExample.debug.xcconfig */,
				26403A3D8CB6138CEFFBB21B /* Pods-ShakingExample.release.xcconfig */,
				456034234024FD01AA4D6CAC /* Pods-ShakingExampleTests.debug.xcconfig */,
				D291D4D49710D5B194626199 /* Pods-ShakingExampleTests.release.xcconfig */,
				D23C33C1046B160BA2BC45CC /* Pods-ShakingExampleUITests.debug.xcconfig */,
				5D27990FD11D45924E946B56 /* Pods-ShakingExampleUITests.release.xcconfig */,
			);
			path = Pods;
			sourceTree = "<group>";
		};
		548D661F2299DA5600D9C7B7 = {
			isa = PBXGroup;
			children = (
				548D662A2299DA5600D9C7B7 /* ShakingExample */,
				548D663F2299DA5800D9C7B7 /* ShakingExampleTests */,
				548D664A2299DA5800D9C7B7 /* ShakingExampleUITests */,
				548D66292299DA5600D9C7B7 /* Products */,
				3132B9083AD8C6B714893961 /* Pods */,
				B93D5906599B3AD0D59E27FC /* Frameworks */,
			);
			sourceTree = "<group>";
		};
		548D66292299DA5600D9C7B7 /* Products */ = {
			isa = PBXGroup;
			children = (
				548D66282299DA5600D9C7B7 /* ShakingExample.app */,
				548D663C2299DA5800D9C7B7 /* ShakingExampleTests.xctest */,
				548D66472299DA5800D9C7B7 /* ShakingExampleUITests.xctest */,
			);
			name = Products;
			sourceTree = "<group>";
		};
		548D662A2299DA5600D9C7B7 /* ShakingExample */ = {
			isa = PBXGroup;
			children = (
				548D662B2299DA5600D9C7B7 /* AppDelegate.swift */,
				548D662D2299DA5600D9C7B7 /* ViewController.swift */,
				548D662F2299DA5600D9C7B7 /* Main.storyboard */,
				548D66322299DA5800D9C7B7 /* Assets.xcassets */,
				548D66342299DA5800D9C7B7 /* LaunchScreen.storyboard */,
				548D66372299DA5800D9C7B7 /* Info.plist */,
			);
			path = ShakingExample;
			sourceTree = "<group>";
		};
		548D663F2299DA5800D9C7B7 /* ShakingExampleTests */ = {
			isa = PBXGroup;
			children = (
				548D66402299DA5800D9C7B7 /* ShakingExampleTests.swift */,
				548D66422299DA5800D9C7B7 /* Info.plist */,
			);
			path = ShakingExampleTests;
			sourceTree = "<group>";
		};
		548D664A2299DA5800D9C7B7 /* ShakingExampleUITests */ = {
			isa = PBXGroup;
			children = (
				548D664B2299DA5800D9C7B7 /* ShakingExampleUITests.swift */,
				548D664D2299DA5800D9C7B7 /* Info.plist */,
			);
			path = ShakingExampleUITests;
			sourceTree = "<group>";
		};
		B93D5906599B3AD0D59E27FC /* Frameworks */ = {
			isa = PBXGroup;
			children = (
				54D0C53B22B79BE500A55711 /* DiHolaShakingAPI.framework */,
				32BD5EABE0FD20D670ADEB60 /* Pods_ShakingExample.framework */,
				D04914C9FBDC8BCA87B67191 /* Pods_ShakingExampleTests.framework */,
				1BD29C7DE57685B971A44E7A /* Pods_ShakingExampleUITests.framework */,
			);
			name = Frameworks;
			sourceTree = "<group>";
		};
/* End PBXGroup section */

/* Begin PBXNativeTarget section */
		548D66272299DA5600D9C7B7 /* ShakingExample */ = {
			isa = PBXNativeTarget;
			buildConfigurationList = 548D66502299DA5800D9C7B7 /* Build configuration list for PBXNativeTarget "ShakingExample" */;
			buildPhases = (
				D45ED1A4E05E73F47FB41151 /* [CP] Check Pods Manifest.lock */,
				548D66242299DA5600D9C7B7 /* Sources */,
				548D66252299DA5600D9C7B7 /* Frameworks */,
				548D66262299DA5600D9C7B7 /* Resources */,
				818EC7C64989B59C11458F0C /* [CP] Embed Pods Frameworks */,
			);
			buildRules = (
			);
			dependencies = (
			);
			name = ShakingExample;
			productName = ShakingExample;
			productReference = 548D66282299DA5600D9C7B7 /* ShakingExample.app */;
			productType = "com.apple.product-type.application";
		};
		548D663B2299DA5800D9C7B7 /* ShakingExampleTests */ = {
			isa = PBXNativeTarget;
			buildConfigurationList = 548D66532299DA5800D9C7B7 /* Build configuration list for PBXNativeTarget "ShakingExampleTests" */;
			buildPhases = (
				DCA6329AF6D992076982CB87 /* [CP] Check Pods Manifest.lock */,
				548D66382299DA5800D9C7B7 /* Sources */,
				548D66392299DA5800D9C7B7 /* Frameworks */,
				548D663A2299DA5800D9C7B7 /* Resources */,
			);
			buildRules = (
			);
			dependencies = (
				548D663E2299DA5800D9C7B7 /* PBXTargetDependency */,
			);
			name = ShakingExampleTests;
			productName = ShakingExampleTests;
			productReference = 548D663C2299DA5800D9C7B7 /* ShakingExampleTests.xctest */;
			productType = "com.apple.product-type.bundle.unit-test";
		};
		548D66462299DA5800D9C7B7 /* ShakingExampleUITests */ = {
			isa = PBXNativeTarget;
			buildConfigurationList = 548D66562299DA5800D9C7B7 /* Build configuration list for PBXNativeTarget "ShakingExampleUITests" */;
			buildPhases = (
				8BD4FF60A511C538471E566D /* [CP] Check Pods Manifest.lock */,
				548D66432299DA5800D9C7B7 /* Sources */,
				548D66442299DA5800D9C7B7 /* Frameworks */,
				548D66452299DA5800D9C7B7 /* Resources */,
			);
			buildRules = (
			);
			dependencies = (
				548D66492299DA5800D9C7B7 /* PBXTargetDependency */,
			);
			name = ShakingExampleUITests;
			productName = ShakingExampleUITests;
			productReference = 548D66472299DA5800D9C7B7 /* ShakingExampleUITests.xctest */;
			productType = "com.apple.product-type.bundle.ui-testing";
		};
/* End PBXNativeTarget section */

/* Begin PBXProject section */
		548D66202299DA5600D9C7B7 /* Project object */ = {
			isa = PBXProject;
			attributes = {
				LastSwiftUpdateCheck = 1010;
				LastUpgradeCheck = 1010;
				ORGANIZATIONNAME = "DiHola S.L.";
				TargetAttributes = {
					548D66272299DA5600D9C7B7 = {
						CreatedOnToolsVersion = 10.1;
					};
					548D663B2299DA5800D9C7B7 = {
						CreatedOnToolsVersion = 10.1;
						TestTargetID = 548D66272299DA5600D9C7B7;
					};
					548D66462299DA5800D9C7B7 = {
						CreatedOnToolsVersion = 10.1;
						TestTargetID = 548D66272299DA5600D9C7B7;
					};
				};
			};
			buildConfigurationList = 548D66232299DA5600D9C7B7 /* Build configuration list for PBXProject "ShakingExample" */;
			compatibilityVersion = "Xcode 9.3";
			developmentRegion = en;
			hasScannedForEncodings = 0;
			knownRegions = (
				en,
				Base,
			);
			mainGroup = 548D661F2299DA5600D9C7B7;
			productRefGroup = 548D66292299DA5600D9C7B7 /* Products */;
			projectDirPath = "";
			projectRoot = "";
			targets = (
				548D66272299DA5600D9C7B7 /* ShakingExample */,
				548D663B2299DA5800D9C7B7 /* ShakingExampleTests */,
				548D66462299DA5800D9C7B7 /* ShakingExampleUITests */,
			);
		};
/* End PBXProject section */

/* Begin PBXResourcesBuildPhase section */
		548D66262299DA5600D9C7B7 /* Resources */ = {
			isa = PBXResourcesBuildPhase;
			buildActionMask = 2147483647;
			files = (
				548D66362299DA5800D9C7B7 /* LaunchScreen.storyboard in Resources */,
				548D66332299DA5800D9C7B7 /* Assets.xcassets in Resources */,
				548D66312299DA5600D9C7B7 /* Main.storyboard in Resources */,
			);
			runOnlyForDeploymentPostprocessing = 0;
		};
		548D663A2299DA5800D9C7B7 /* Resources */ = {
			isa = PBXResourcesBuildPhase;
			buildActionMask = 2147483647;
			files = (
			);
			runOnlyForDeploymentPostprocessing = 0;
		};
		548D66452299DA5800D9C7B7 /* Resources */ = {
			isa = PBXResourcesBuildPhase;
			buildActionMask = 2147483647;
			files = (
			);
			runOnlyForDeploymentPostprocessing = 0;
		};
/* End PBXResourcesBuildPhase section */

/* Begin PBXShellScriptBuildPhase section */
		818EC7C64989B59C11458F0C /* [CP] Embed Pods Frameworks */ = {
			isa = PBXShellScriptBuildPhase;
			buildActionMask = 2147483647;
			files = (
			);
			inputFileListPaths = (
			);
			inputPaths = (
				"${PODS_ROOT}/Target Support Files/Pods-ShakingExample/Pods-ShakingExample-frameworks.sh",
				"${BUILT_PRODUCTS_DIR}/DiHolaShakingAPI/DiHolaShakingAPI.framework",
			);
			name = "[CP] Embed Pods Frameworks";
			outputFileListPaths = (
			);
			outputPaths = (
				"${TARGET_BUILD_DIR}/${FRAMEWORKS_FOLDER_PATH}/DiHolaShakingAPI.framework",
			);
			runOnlyForDeploymentPostprocessing = 0;
			shellPath = /bin/sh;
			shellScript = "\"${PODS_ROOT}/Target Support Files/Pods-ShakingExample/Pods-ShakingExample-frameworks.sh\"\n";
			showEnvVarsInLog = 0;
		};
		8BD4FF60A511C538471E566D /* [CP] Check Pods Manifest.lock */ = {
			isa = PBXShellScriptBuildPhase;
			buildActionMask = 2147483647;
			files = (
			);
			inputFileListPaths = (
			);
			inputPaths = (
				"${PODS_PODFILE_DIR_PATH}/Podfile.lock",
				"${PODS_ROOT}/Manifest.lock",
			);
			name = "[CP] Check Pods Manifest.lock";
			outputFileListPaths = (
			);
			outputPaths = (
				"$(DERIVED_FILE_DIR)/Pods-ShakingExampleUITests-checkManifestLockResult.txt",
			);
			runOnlyForDeploymentPostprocessing = 0;
			shellPath = /bin/sh;
			shellScript = "diff \"${PODS_PODFILE_DIR_PATH}/Podfile.lock\" \"${PODS_ROOT}/Manifest.lock\" > /dev/null\nif [ $? != 0 ] ; then\n    # print error to STDERR\n    echo \"error: The sandbox is not in sync with the Podfile.lock. Run 'pod install' or update your CocoaPods installation.\" >&2\n    exit 1\nfi\n# This output is used by Xcode 'outputs' to avoid re-running this script phase.\necho \"SUCCESS\" > \"${SCRIPT_OUTPUT_FILE_0}\"\n";
			showEnvVarsInLog = 0;
		};
		D45ED1A4E05E73F47FB41151 /* [CP] Check Pods Manifest.lock */ = {
			isa = PBXShellScriptBuildPhase;
			buildActionMask = 2147483647;
			files = (
			);
			inputFileListPaths = (
			);
			inputPaths = (
				"${PODS_PODFILE_DIR_PATH}/Podfile.lock",
				"${PODS_ROOT}/Manifest.lock",
			);
			name = "[CP] Check Pods Manifest.lock";
			outputFileListPaths = (
			);
			outputPaths = (
				"$(DERIVED_FILE_DIR)/Pods-ShakingExample-checkManifestLockResult.txt",
			);
			runOnlyForDeploymentPostprocessing = 0;
			shellPath = /bin/sh;
			shellScript = "diff \"${PODS_PODFILE_DIR_PATH}/Podfile.lock\" \"${PODS_ROOT}/Manifest.lock\" > /dev/null\nif [ $? != 0 ] ; then\n    # print error to STDERR\n    echo \"error: The sandbox is not in sync with the Podfile.lock. Run 'pod install' or update your CocoaPods installation.\" >&2\n    exit 1\nfi\n# This output is used by Xcode 'outputs' to avoid re-running this script phase.\necho \"SUCCESS\" > \"${SCRIPT_OUTPUT_FILE_0}\"\n";
			showEnvVarsInLog = 0;
		};
		DCA6329AF6D992076982CB87 /* [CP] Check Pods Manifest.lock */ = {
			isa = PBXShellScriptBuildPhase;
			buildActionMask = 2147483647;
			files = (
			);
			inputFileListPaths = (
			);
			inputPaths = (
				"${PODS_PODFILE_DIR_PATH}/Podfile.lock",
				"${PODS_ROOT}/Manifest.lock",
			);
			name = "[CP] Check Pods Manifest.lock";
			outputFileListPaths = (
			);
			outputPaths = (
				"$(DERIVED_FILE_DIR)/Pods-ShakingExampleTests-checkManifestLockResult.txt",
			);
			runOnlyForDeploymentPostprocessing = 0;
			shellPath = /bin/sh;
			shellScript = "diff \"${PODS_PODFILE_DIR_PATH}/Podfile.lock\" \"${PODS_ROOT}/Manifest.lock\" > /dev/null\nif [ $? != 0 ] ; then\n    # print error to STDERR\n    echo \"error: The sandbox is not in sync with the Podfile.lock. Run 'pod install' or update your CocoaPods installation.\" >&2\n    exit 1\nfi\n# This output is used by Xcode 'outputs' to avoid re-running this script phase.\necho \"SUCCESS\" > \"${SCRIPT_OUTPUT_FILE_0}\"\n";
			showEnvVarsInLog = 0;
		};
/* End PBXShellScriptBuildPhase section */

/* Begin PBXSourcesBuildPhase section */
		548D66242299DA5600D9C7B7 /* Sources */ = {
			isa = PBXSourcesBuildPhase;
			buildActionMask = 2147483647;
			files = (
				548D662E2299DA5600D9C7B7 /* ViewController.swift in Sources */,
				548D662C2299DA5600D9C7B7 /* AppDelegate.swift in Sources */,
			);
			runOnlyForDeploymentPostprocessing = 0;
		};
		548D66382299DA5800D9C7B7 /* Sources */ = {
			isa = PBXSourcesBuildPhase;
			buildActionMask = 2147483647;
			files = (
				548D66412299DA5800D9C7B7 /* ShakingExampleTests.swift in Sources */,
			);
			runOnlyForDeploymentPostprocessing = 0;
		};
		548D66432299DA5800D9C7B7 /* Sources */ = {
			isa = PBXSourcesBuildPhase;
			buildActionMask = 2147483647;
			files = (
				548D664C2299DA5800D9C7B7 /* ShakingExampleUITests.swift in Sources */,
			);
			runOnlyForDeploymentPostprocessing = 0;
		};
/* End PBXSourcesBuildPhase section */

/* Begin PBXTargetDependency section */
		548D663E2299DA5800D9C7B7 /* PBXTargetDependency */ = {
			isa = PBXTargetDependency;
			target = 548D66272299DA5600D9C7B7 /* ShakingExample */;
			targetProxy = 548D663D2299DA5800D9C7B7 /* PBXContainerItemProxy */;
		};
		548D66492299DA5800D9C7B7 /* PBXTargetDependency */ = {
			isa = PBXTargetDependency;
			target = 548D66272299DA5600D9C7B7 /* ShakingExample */;
			targetProxy = 548D66482299DA5800D9C7B7 /* PBXContainerItemProxy */;
		};
/* End PBXTargetDependency section */

/* Begin PBXVariantGroup section */
		548D662F2299DA5600D9C7B7 /* Main.storyboard */ = {
			isa = PBXVariantGroup;
			children = (
				548D66302299DA5600D9C7B7 /* Base */,
			);
			name = Main.storyboard;
			sourceTree = "<group>";
		};
		548D66342299DA5800D9C7B7 /* LaunchScreen.storyboard */ = {
			isa = PBXVariantGroup;
			children = (
				548D66352299DA5800D9C7B7 /* Base */,
			);
			name = LaunchScreen.storyboard;
			sourceTree = "<group>";
		};
/* End PBXVariantGroup section */

/* Begin XCBuildConfiguration section */
		548D664E2299DA5800D9C7B7 /* Debug */ = {
			isa = XCBuildConfiguration;
			buildSettings = {
				ALWAYS_SEARCH_USER_PATHS = NO;
				CLANG_ANALYZER_NONNULL = YES;
				CLANG_ANALYZER_NUMBER_OBJECT_CONVERSION = YES_AGGRESSIVE;
				CLANG_CXX_LANGUAGE_STANDARD = "gnu++14";
				CLANG_CXX_LIBRARY = "libc++";
				CLANG_ENABLE_MODULES = YES;
				CLANG_ENABLE_OBJC_ARC = YES;
				CLANG_ENABLE_OBJC_WEAK = YES;
				CLANG_WARN_BLOCK_CAPTURE_AUTORELEASING = YES;
				CLANG_WARN_BOOL_CONVERSION = YES;
				CLANG_WARN_COMMA = YES;
				CLANG_WARN_CONSTANT_CONVERSION = YES;
				CLANG_WARN_DEPRECATED_OBJC_IMPLEMENTATIONS = YES;
				CLANG_WARN_DIRECT_OBJC_ISA_USAGE = YES_ERROR;
				CLANG_WARN_DOCUMENTATION_COMMENTS = YES;
				CLANG_WARN_EMPTY_BODY = YES;
				CLANG_WARN_ENUM_CONVERSION = YES;
				CLANG_WARN_INFINITE_RECURSION = YES;
				CLANG_WARN_INT_CONVERSION = YES;
				CLANG_WARN_NON_LITERAL_NULL_CONVERSION = YES;
				CLANG_WARN_OBJC_IMPLICIT_RETAIN_SELF = YES;
				CLANG_WARN_OBJC_LITERAL_CONVERSION = YES;
				CLANG_WARN_OBJC_ROOT_CLASS = YES_ERROR;
				CLANG_WARN_RANGE_LOOP_ANALYSIS = YES;
				CLANG_WARN_STRICT_PROTOTYPES = YES;
				CLANG_WARN_SUSPICIOUS_MOVE = YES;
				CLANG_WARN_UNGUARDED_AVAILABILITY = YES_AGGRESSIVE;
				CLANG_WARN_UNREACHABLE_CODE = YES;
				CLANG_WARN__DUPLICATE_METHOD_MATCH = YES;
				CODE_SIGN_IDENTITY = "iPhone Developer";
				COPY_PHASE_STRIP = NO;
				DEBUG_INFORMATION_FORMAT = dwarf;
				ENABLE_STRICT_OBJC_MSGSEND = YES;
				ENABLE_TESTABILITY = YES;
				GCC_C_LANGUAGE_STANDARD = gnu11;
				GCC_DYNAMIC_NO_PIC = NO;
				GCC_NO_COMMON_BLOCKS = YES;
				GCC_OPTIMIZATION_LEVEL = 0;
				GCC_PREPROCESSOR_DEFINITIONS = (
					"DEBUG=1",
					"$(inherited)",
				);
				GCC_WARN_64_TO_32_BIT_CONVERSION = YES;
				GCC_WARN_ABOUT_RETURN_TYPE = YES_ERROR;
				GCC_WARN_UNDECLARED_SELECTOR = YES;
				GCC_WARN_UNINITIALIZED_AUTOS = YES_AGGRESSIVE;
				GCC_WARN_UNUSED_FUNCTION = YES;
				GCC_WARN_UNUSED_VARIABLE = YES;
				IPHONEOS_DEPLOYMENT_TARGET = 12.1;
				MTL_ENABLE_DEBUG_INFO = INCLUDE_SOURCE;
				MTL_FAST_MATH = YES;
				ONLY_ACTIVE_ARCH = YES;
				SDKROOT = iphoneos;
				SWIFT_ACTIVE_COMPILATION_CONDITIONS = DEBUG;
				SWIFT_OPTIMIZATION_LEVEL = "-Onone";
			};
			name = Debug;
		};
		548D664F2299DA5800D9C7B7 /* Release */ = {
			isa = XCBuildConfiguration;
			buildSettings = {
				ALWAYS_SEARCH_USER_PATHS = NO;
				CLANG_ANALYZER_NONNULL = YES;
				CLANG_ANALYZER_NUMBER_OBJECT_CONVERSION = YES_AGGRESSIVE;
				CLANG_CXX_LANGUAGE_STANDARD = "gnu++14";
				CLANG_CXX_LIBRARY = "libc++";
				CLANG_ENABLE_MODULES = YES;
				CLANG_ENABLE_OBJC_ARC = YES;
				CLANG_ENABLE_OBJC_WEAK = YES;
				CLANG_WARN_BLOCK_CAPTURE_AUTORELEASING = YES;
				CLANG_WARN_BOOL_CONVERSION = YES;
				CLANG_WARN_COMMA = YES;
				CLANG_WARN_CONSTANT_CONVERSION = YES;
				CLANG_WARN_DEPRECATED_OBJC_IMPLEMENTATIONS = YES;
				CLANG_WARN_DIRECT_OBJC_ISA_USAGE = YES_ERROR;
				CLANG_WARN_DOCUMENTATION_COMMENTS = YES;
				CLANG_WARN_EMPTY_BODY = YES;
				CLANG_WARN_ENUM_CONVERSION = YES;
				CLANG_WARN_INFINITE_RECURSION = YES;
				CLANG_WARN_INT_CONVERSION = YES;
				CLANG_WARN_NON_LITERAL_NULL_CONVERSION = YES;
				CLANG_WARN_OBJC_IMPLICIT_RETAIN_SELF = YES;
				CLANG_WARN_OBJC_LITERAL_CONVERSION = YES;
				CLANG_WARN_OBJC_ROOT_CLASS = YES_ERROR;
				CLANG_WARN_RANGE_LOOP_ANALYSIS = YES;
				CLANG_WARN_STRICT_PROTOTYPES = YES;
				CLANG_WARN_SUSPICIOUS_MOVE = YES;
				CLANG_WARN_UNGUARDED_AVAILABILITY = YES_AGGRESSIVE;
				CLANG_WARN_UNREACHABLE_CODE = YES;
				CLANG_WARN__DUPLICATE_METHOD_MATCH = YES;
				CODE_SIGN_IDENTITY = "iPhone Developer";
				COPY_PHASE_STRIP = NO;
				DEBUG_INFORMATION_FORMAT = "dwarf-with-dsym";
				ENABLE_NS_ASSERTIONS = NO;
				ENABLE_STRICT_OBJC_MSGSEND = YES;
				GCC_C_LANGUAGE_STANDARD = gnu11;
				GCC_NO_COMMON_BLOCKS = YES;
				GCC_WARN_64_TO_32_BIT_CONVERSION = YES;
				GCC_WARN_ABOUT_RETURN_TYPE = YES_ERROR;
				GCC_WARN_UNDECLARED_SELECTOR = YES;
				GCC_WARN_UNINITIALIZED_AUTOS = YES_AGGRESSIVE;
				GCC_WARN_UNUSED_FUNCTION = YES;
				GCC_WARN_UNUSED_VARIABLE = YES;
				IPHONEOS_DEPLOYMENT_TARGET = 12.1;
				MTL_ENABLE_DEBUG_INFO = NO;
				MTL_FAST_MATH = YES;
				SDKROOT = iphoneos;
				SWIFT_COMPILATION_MODE = wholemodule;
				SWIFT_OPTIMIZATION_LEVEL = "-O";
				VALIDATE_PRODUCT = YES;
			};
			name = Release;
		};
		548D66512299DA5800D9C7B7 /* Debug */ = {
			isa = XCBuildConfiguration;
			baseConfigurationReference = 7468C8E8E6DDE10A397EA00D /* Pods-ShakingExample.debug.xcconfig */;
			buildSettings = {
				ASSETCATALOG_COMPILER_APPICON_NAME = AppIcon;
				CODE_SIGN_STYLE = Automatic;
				DEVELOPMENT_TEAM = 2QKG929LBH;
				INFOPLIST_FILE = ShakingExample/Info.plist;
				IPHONEOS_DEPLOYMENT_TARGET = 10.0;
				LD_RUNPATH_SEARCH_PATHS = (
					"$(inherited)",
					"@executable_path/Frameworks",
				);
				PRODUCT_BUNDLE_IDENTIFIER = com.diholapp.ShakingExample;
				PRODUCT_NAME = "$(TARGET_NAME)";
				SWIFT_VERSION = 4.2;
				TARGETED_DEVICE_FAMILY = "1,2";
			};
			name = Debug;
		};
		548D66522299DA5800D9C7B7 /* Release */ = {
			isa = XCBuildConfiguration;
			baseConfigurationReference = 26403A3D8CB6138CEFFBB21B /* Pods-ShakingExample.release.xcconfig */;
			buildSettings = {
				ASSETCATALOG_COMPILER_APPICON_NAME = AppIcon;
				CODE_SIGN_STYLE = Automatic;
				DEVELOPMENT_TEAM = 2QKG929LBH;
				INFOPLIST_FILE = ShakingExample/Info.plist;
				IPHONEOS_DEPLOYMENT_TARGET = 10.0;
				LD_RUNPATH_SEARCH_PATHS = (
					"$(inherited)",
					"@executable_path/Frameworks",
				);
				PRODUCT_BUNDLE_IDENTIFIER = com.diholapp.ShakingExample;
				PRODUCT_NAME = "$(TARGET_NAME)";
				SWIFT_VERSION = 4.2;
				TARGETED_DEVICE_FAMILY = "1,2";
			};
			name = Release;
		};
		548D66542299DA5800D9C7B7 /* Debug */ = {
			isa = XCBuildConfiguration;
			baseConfigurationReference = 456034234024FD01AA4D6CAC /* Pods-ShakingExampleTests.debug.xcconfig */;
			buildSettings = {
				ALWAYS_EMBED_SWIFT_STANDARD_LIBRARIES = YES;
				BUNDLE_LOADER = "$(TEST_HOST)";
				CODE_SIGN_STYLE = Automatic;
				DEVELOPMENT_TEAM = 2QKG929LBH;
				INFOPLIST_FILE = ShakingExampleTests/Info.plist;
				LD_RUNPATH_SEARCH_PATHS = (
					"$(inherited)",
					"@executable_path/Frameworks",
					"@loader_path/Frameworks",
				);
				PRODUCT_BUNDLE_IDENTIFIER = com.diholapp.ShakingExampleTests;
				PRODUCT_NAME = "$(TARGET_NAME)";
				SWIFT_VERSION = 4.2;
				TARGETED_DEVICE_FAMILY = "1,2";
				TEST_HOST = "$(BUILT_PRODUCTS_DIR)/ShakingExample.app/ShakingExample";
			};
			name = Debug;
		};
		548D66552299DA5800D9C7B7 /* Release */ = {
			isa = XCBuildConfiguration;
			baseConfigurationReference = D291D4D49710D5B194626199 /* Pods-ShakingExampleTests.release.xcconfig */;
			buildSettings = {
				ALWAYS_EMBED_SWIFT_STANDARD_LIBRARIES = YES;
				BUNDLE_LOADER = "$(TEST_HOST)";
				CODE_SIGN_STYLE = Automatic;
				DEVELOPMENT_TEAM = 2QKG929LBH;
				INFOPLIST_FILE = ShakingExampleTests/Info.plist;
				LD_RUNPATH_SEARCH_PATHS = (
					"$(inherited)",
					"@executable_path/Frameworks",
					"@loader_path/Frameworks",
				);
				PRODUCT_BUNDLE_IDENTIFIER = com.diholapp.ShakingExampleTests;
				PRODUCT_NAME = "$(TARGET_NAME)";
				SWIFT_VERSION = 4.2;
				TARGETED_DEVICE_FAMILY = "1,2";
				TEST_HOST = "$(BUILT_PRODUCTS_DIR)/ShakingExample.app/ShakingExample";
			};
			name = Release;
		};
		548D66572299DA5800D9C7B7 /* Debug */ = {
			isa = XCBuildConfiguration;
			baseConfigurationReference = D23C33C1046B160BA2BC45CC /* Pods-ShakingExampleUITests.debug.xcconfig */;
			buildSettings = {
				ALWAYS_EMBED_SWIFT_STANDARD_LIBRARIES = YES;
				CODE_SIGN_STYLE = Automatic;
				DEVELOPMENT_TEAM = 2QKG929LBH;
				INFOPLIST_FILE = ShakingExampleUITests/Info.plist;
				LD_RUNPATH_SEARCH_PATHS = (
					"$(inherited)",
					"@executable_path/Frameworks",
					"@loader_path/Frameworks",
				);
				PRODUCT_BUNDLE_IDENTIFIER = com.diholapp.ShakingExampleUITests;
				PRODUCT_NAME = "$(TARGET_NAME)";
				SWIFT_VERSION = 4.2;
				TARGETED_DEVICE_FAMILY = "1,2";
				TEST_TARGET_NAME = ShakingExample;
			};
			name = Debug;
		};
		548D66582299DA5800D9C7B7 /* Release */ = {
			isa = XCBuildConfiguration;
			baseConfigurationReference = 5D27990FD11D45924E946B56 /* Pods-ShakingExampleUITests.release.xcconfig */;
			buildSettings = {
				ALWAYS_EMBED_SWIFT_STANDARD_LIBRARIES = YES;
				CODE_SIGN_STYLE = Automatic;
				DEVELOPMENT_TEAM = 2QKG929LBH;
				INFOPLIST_FILE = ShakingExampleUITests/Info.plist;
				LD_RUNPATH_SEARCH_PATHS = (
					"$(inherited)",
					"@executable_path/Frameworks",
					"@loader_path/Frameworks",
				);
				PRODUCT_BUNDLE_IDENTIFIER = com.diholapp.ShakingExampleUITests;
				PRODUCT_NAME = "$(TARGET_NAME)";
				SWIFT_VERSION = 4.2;
				TARGETED_DEVICE_FAMILY = "1,2";
				TEST_TARGET_NAME = ShakingExample;
			};
			name = Release;
		};
/* End XCBuildConfiguration section */

/* Begin XCConfigurationList section */
		548D66232299DA5600D9C7B7 /* Build configuration list for PBXProject "ShakingExample" */ = {
			isa = XCConfigurationList;
			buildConfigurations = (
				548D664E2299DA5800D9C7B7 /* Debug */,
				548D664F2299DA5800D9C7B7 /* Release */,
			);
			defaultConfigurationIsVisible = 0;
			defaultConfigurationName = Release;
		};
		548D66502299DA5800D9C7B7 /* Build configuration list for PBXNativeTarget "ShakingExample" */ = {
			isa = XCConfigurationList;
			buildConfigurations = (
				548D66512299DA5800D9C7B7 /* Debug */,
				548D66522299DA5800D9C7B7 /* Release */,
			);
			defaultConfigurationIsVisible = 0;
			defaultConfigurationName = Release;
		};
		548D66532299DA5800D9C7B7 /* Build configuration list for PBXNativeTarget "ShakingExampleTests" */ = {
			isa = XCConfigurationList;
			buildConfigurations = (
				548D66542299DA5800D9C7B7 /* Debug */,
				548D66552299DA5800D9C7B7 /* Release */,
			);
			defaultConfigurationIsVisible = 0;
			defaultConfigurationName = Release;
		};
		548D66562299DA5800D9C7B7 /* Build configuration list for PBXNativeTarget "ShakingExampleUITests" */ = {
			isa = XCConfigurationList;
			buildConfigurations = (
				548D66572299DA5800D9C7B7 /* Debug */,
				548D66582299DA5800D9C7B7 /* Release */,
			);
			defaultConfigurationIsVisible = 0;
			defaultConfigurationName = Release;
		};
/* End XCConfigurationList section */
	};
	rootObject = 548D66202299DA5600D9C7B7 /* Project object */;
}
